{
  "projects": [
    {
      "projectId": "sjWnnbMzuiwuaxePiype9j",
      "version": "latest",
      "dependencies": {
        "f7DE9y7qp46fyCw5nuY8f9": "1.0.0",
        "ohDidvG9XsCeFumugENU3J": "6.28.0",
        "gmeH6XgPaBtkt51HunAo4g": "18.12.0",
        "YUiM7yqBWAqsh8KSnrdj7": "0.33.0",
        "caTPwKxj5ZrD9LQ7DMdK4Z": "3.40.0"
      },
      "lang": "ts",
      "fileLocks": [
        {
          "type": "globalVariant",
          "assetId": "Sqd9IVVDsLHN",
          "checksum": "13f4eafd516f99fc9d8ac39d26f05fc5"
        },
        {
          "type": "renderModule",
          "assetId": "HYAaVwB-Rw04",
          "checksum": "ade91ee504dd66a9ae5920d5ed47a543"
        },
        {
          "type": "cssRules",
          "assetId": "HYAaVwB-Rw04",
          "checksum": "ade91ee504dd66a9ae5920d5ed47a543"
        },
        {
          "assetId": "sjWnnbMzuiwuaxePiype9j",
          "checksum": "91ed53f2fea97695cbb94b24fa53504f",
          "type": "globalContexts"
        },
        {
          "type": "renderModule",
          "assetId": "KcEy24vPnxpH",
          "checksum": "647089bedd3b0e9dad374712cf94438e"
        },
        {
          "type": "cssRules",
          "assetId": "KcEy24vPnxpH",
          "checksum": "647089bedd3b0e9dad374712cf94438e"
        },
        {
          "type": "icon",
          "assetId": "UVG3WJ0yfVMS",
          "checksum": "59066b2c6ea4275695f53edbe1a87eb1"
        },
        {
          "type": "icon",
          "assetId": "CHIo0d3NLWPk",
          "checksum": "3ffd8386b23219bd7bf8e47734fdc0ca"
        },
        {
          "type": "icon",
          "assetId": "NV9UZVDwN9JB",
          "checksum": "03ea11f78c7833e196abb4e358aaea80"
        },
        {
          "type": "icon",
          "assetId": "DJmZ99xY5PIZ",
          "checksum": "95e3d3bb1b0e4fa0fd693e0104cd67c6"
        },
        {
          "type": "icon",
          "assetId": "E5nZiKxIPfhn",
          "checksum": "d4c1d20d747ab73ec1c3b2f63074dbd7"
        },
        {
          "type": "image",
          "assetId": "ib9iEJj1L6iW",
          "checksum": "cf09a9b7f1e8910121bb701371457750"
        },
        {
          "type": "image",
          "assetId": "DKKgKvMf9YMF",
          "checksum": "1b1a27cb587932388fb3011b82a4efbe"
        },
        {
          "type": "image",
          "assetId": "Evr98l9mgcYb",
          "checksum": "4679644ae05aa1698fc2f90d94ffadd2"
        },
        {
          "type": "image",
          "assetId": "8T1AvyBejYen",
          "checksum": "c78091981ea1c1bea92b59165186fbf3"
        },
        {
          "assetId": "sjWnnbMzuiwuaxePiype9j",
          "type": "projectCss",
          "checksum": "c3be67252766b3d7c858d85940608336"
        }
      ],
      "codegenVersion": "0.0.1"
    },
    {
      "projectId": "caTPwKxj5ZrD9LQ7DMdK4Z",
      "version": "3.40.0",
      "dependencies": {},
      "lang": "ts",
      "fileLocks": [
        {
          "assetId": "caTPwKxj5ZrD9LQ7DMdK4Z",
          "type": "projectCss",
          "checksum": "1c02168c6b23256606111fdfdbb63549"
        }
      ],
      "codegenVersion": "0.0.1"
    },
    {
      "projectId": "YUiM7yqBWAqsh8KSnrdj7",
      "version": "0.33.0",
      "dependencies": {},
      "lang": "ts",
      "fileLocks": [
        {
          "assetId": "YUiM7yqBWAqsh8KSnrdj7",
          "type": "projectCss",
          "checksum": "21b499a9da4edbc2266c72c2ba127787"
        }
      ],
      "codegenVersion": "0.0.1"
    },
    {
      "projectId": "4vjRXvnb4XuY6J15w9oRcQ",
      "version": "2.0.0",
      "dependencies": {},
      "lang": "ts",
      "fileLocks": [
        {
          "type": "globalVariant",
          "assetId": "sunYRowGFPxL",
          "checksum": "6aa36700acb14b37a737f645fea309df"
        },
        {
          "assetId": "4vjRXvnb4XuY6J15w9oRcQ",
          "type": "projectCss",
          "checksum": "0f0ef06473797c93a6193312f1a06072"
        }
      ],
      "codegenVersion": "0.0.1"
    },
    {
      "projectId": "gmeH6XgPaBtkt51HunAo4g",
      "version": "18.12.0",
      "dependencies": {},
      "lang": "ts",
      "fileLocks": [
        {
          "assetId": "gmeH6XgPaBtkt51HunAo4g",
          "type": "projectCss",
          "checksum": "1c02168c6b23256606111fdfdbb63549"
        }
      ],
      "codegenVersion": "0.0.1"
    },
    {
      "projectId": "ohDidvG9XsCeFumugENU3J",
      "version": "6.28.0",
      "dependencies": {},
      "lang": "ts",
      "fileLocks": [
        {
          "assetId": "ohDidvG9XsCeFumugENU3J",
          "type": "projectCss",
          "checksum": "ba2a60a163fca4f4d510275088a2be53"
        },
        {
          "assetId": "ohDidvG9XsCeFumugENU3J",
          "checksum": "de0a0e65174a6a185a8f822af51c6bdd",
          "type": "globalContexts"
        }
      ],
      "codegenVersion": "0.0.1"
    },
    {
      "projectId": "f7DE9y7qp46fyCw5nuY8f9",
      "version": "1.0.0",
      "dependencies": {
        "ohDidvG9XsCeFumugENU3J": "6.28.0",
        "gmeH6XgPaBtkt51HunAo4g": "18.12.0",
        "4vjRXvnb4XuY6J15w9oRcQ": "2.0.0",
        "YUiM7yqBWAqsh8KSnrdj7": "0.33.0",
        "caTPwKxj5ZrD9LQ7DMdK4Z": "3.40.0"
      },
      "lang": "ts",
      "fileLocks": [
        {
          "type": "globalVariant",
          "assetId": "HM8Nko4B5BDd",
          "checksum": "8c26c3fca52f572ea7e406d3eb8fa213"
        },
        {
          "assetId": "f7DE9y7qp46fyCw5nuY8f9",
          "type": "projectCss",
          "checksum": "9ed8e00062f328a3eae798503c761f63"
        },
        {
          "assetId": "f7DE9y7qp46fyCw5nuY8f9",
          "checksum": "d117206477352068ec7e1382097908b6",
          "type": "globalContexts"
        },
        {
          "type": "renderModule",
          "assetId": "9ixtKbGKv7x-",
          "checksum": "a88710147eaf66a1eafbe4c420d34ae3"
        },
        {
          "type": "cssRules",
          "assetId": "9ixtKbGKv7x-",
          "checksum": "a88710147eaf66a1eafbe4c420d34ae3"
        },
        {
          "type": "renderModule",
          "assetId": "8NOvOzjn7daE",
          "checksum": "ce42eca3f699df6b303172648de3c489"
        },
        {
          "type": "cssRules",
          "assetId": "8NOvOzjn7daE",
          "checksum": "ce42eca3f699df6b303172648de3c489"
        },
        {
          "type": "renderModule",
          "assetId": "W4kacxF_-Ybc",
          "checksum": "9f4e677b11434762497e391107fbc7d1"
        },
        {
          "type": "cssRules",
          "assetId": "W4kacxF_-Ybc",
          "checksum": "9f4e677b11434762497e391107fbc7d1"
        },
        {
          "type": "renderModule",
          "assetId": "plmAgyhhAdMc",
          "checksum": "1bca769ad02207e403fce8b7b89b4236"
        },
        {
          "type": "cssRules",
          "assetId": "plmAgyhhAdMc",
          "checksum": "1bca769ad02207e403fce8b7b89b4236"
        },
        {
          "type": "renderModule",
          "assetId": "MUvYPH7rZO6i",
          "checksum": "3f4811c46dd0cf73fe47dc80eb9fd49f"
        },
        {
          "type": "cssRules",
          "assetId": "MUvYPH7rZO6i",
          "checksum": "3f4811c46dd0cf73fe47dc80eb9fd49f"
        },
        {
          "type": "renderModule",
          "assetId": "_rdh0nLceaRv",
          "checksum": "ade93fd49a85358f4c6d05b2fa61262b"
        },
        {
          "type": "cssRules",
          "assetId": "_rdh0nLceaRv",
          "checksum": "ade93fd49a85358f4c6d05b2fa61262b"
        },
        {
          "type": "renderModule",
          "assetId": "Os35ykAnzIHw",
          "checksum": "ba722a8fb93686d5448434d3e138d59f"
        },
        {
          "type": "cssRules",
          "assetId": "Os35ykAnzIHw",
          "checksum": "ba722a8fb93686d5448434d3e138d59f"
        },
        {
          "type": "renderModule",
          "assetId": "_vJ0pkaxrL1M",
          "checksum": "b5d8e90e3a11496794170460585b16bc"
        },
        {
          "type": "cssRules",
          "assetId": "_vJ0pkaxrL1M",
          "checksum": "b5d8e90e3a11496794170460585b16bc"
        },
        {
          "type": "renderModule",
          "assetId": "tmVEtrqiq-__",
          "checksum": "613d330a6dc4a0c8991aa0a23de3be0f"
        },
        {
          "type": "cssRules",
          "assetId": "tmVEtrqiq-__",
          "checksum": "613d330a6dc4a0c8991aa0a23de3be0f"
        },
        {
          "type": "renderModule",
          "assetId": "MD_37ZQMm9eE",
          "checksum": "65524e2f62defcaaf8cba6517c568793"
        },
        {
          "type": "cssRules",
          "assetId": "MD_37ZQMm9eE",
          "checksum": "65524e2f62defcaaf8cba6517c568793"
        },
        {
          "type": "renderModule",
          "assetId": "Hw_3fYzjBjtr",
          "checksum": "ffceb75288bfe37aaafa09f63ac0b54b"
        },
        {
          "type": "cssRules",
          "assetId": "Hw_3fYzjBjtr",
          "checksum": "ffceb75288bfe37aaafa09f63ac0b54b"
        },
        {
          "type": "renderModule",
          "assetId": "ZMB-SB-xJDyQ",
          "checksum": "9f69963de4746b5a47c039ec16bd8fb6"
        },
        {
          "type": "cssRules",
          "assetId": "ZMB-SB-xJDyQ",
          "checksum": "9f69963de4746b5a47c039ec16bd8fb6"
        },
        {
          "type": "renderModule",
          "assetId": "5AuMkYqOTdqa",
          "checksum": "225b976bf2e996797ac524cacd1fe10b"
        },
        {
          "type": "cssRules",
          "assetId": "5AuMkYqOTdqa",
          "checksum": "225b976bf2e996797ac524cacd1fe10b"
        },
        {
          "type": "renderModule",
          "assetId": "pZ7Ql6sUFRw9",
          "checksum": "fbe312e488c338cde1976225b5639641"
        },
        {
          "type": "cssRules",
          "assetId": "pZ7Ql6sUFRw9",
          "checksum": "fbe312e488c338cde1976225b5639641"
        },
        {
          "type": "renderModule",
          "assetId": "nVAUbPc6gpoz",
          "checksum": "68c1cce6e37c89e666e484ec01ddb1c5"
        },
        {
          "type": "cssRules",
          "assetId": "nVAUbPc6gpoz",
          "checksum": "68c1cce6e37c89e666e484ec01ddb1c5"
        },
        {
          "type": "renderModule",
          "assetId": "iaLjfHgdSnDx",
          "checksum": "627dbc3e1936ab32eb97a40032053d7f"
        },
        {
          "type": "cssRules",
          "assetId": "iaLjfHgdSnDx",
          "checksum": "627dbc3e1936ab32eb97a40032053d7f"
        },
        {
          "type": "renderModule",
          "assetId": "ej9AGXLKyZe-",
          "checksum": "ab3eb8a7ace4a65d05ffea1f12f82140"
        },
        {
          "type": "cssRules",
          "assetId": "ej9AGXLKyZe-",
          "checksum": "ab3eb8a7ace4a65d05ffea1f12f82140"
        },
        {
          "type": "renderModule",
          "assetId": "tbd44yze6XC9",
          "checksum": "15ec0e87b45414a46b580d447d032fa6"
        },
        {
          "type": "cssRules",
          "assetId": "tbd44yze6XC9",
          "checksum": "15ec0e87b45414a46b580d447d032fa6"
        },
        {
          "type": "renderModule",
          "assetId": "A_oPZntya_MT",
          "checksum": "954af5792d832f11e1a8d2315a36fb48"
        },
        {
          "type": "cssRules",
          "assetId": "A_oPZntya_MT",
          "checksum": "954af5792d832f11e1a8d2315a36fb48"
        },
        {
          "type": "renderModule",
          "assetId": "fsC3QwUZz9uz",
          "checksum": "ba56c4489616c8c520bf5d590628132b"
        },
        {
          "type": "cssRules",
          "assetId": "fsC3QwUZz9uz",
          "checksum": "ba56c4489616c8c520bf5d590628132b"
        },
        {
          "type": "renderModule",
          "assetId": "WOFOuKi5Hmpy",
          "checksum": "9659f9e99f831e7b716950cd40e226f1"
        },
        {
          "type": "cssRules",
          "assetId": "WOFOuKi5Hmpy",
          "checksum": "9659f9e99f831e7b716950cd40e226f1"
        },
        {
          "type": "renderModule",
          "assetId": "hUsSGqcf_DAy",
          "checksum": "1b5deb3040aee567c4bd635c473c6e36"
        },
        {
          "type": "cssRules",
          "assetId": "hUsSGqcf_DAy",
          "checksum": "1b5deb3040aee567c4bd635c473c6e36"
        },
        {
          "type": "renderModule",
          "assetId": "ohBmQIEVPz-L",
          "checksum": "7d175d74882a5fa02cd5bed9ccfbb596"
        },
        {
          "type": "cssRules",
          "assetId": "ohBmQIEVPz-L",
          "checksum": "7d175d74882a5fa02cd5bed9ccfbb596"
        },
        {
          "type": "renderModule",
          "assetId": "rW3ePQ0MTGnf",
          "checksum": "1ef938e9715d80408ebe00e559e4cb61"
        },
        {
          "type": "cssRules",
          "assetId": "rW3ePQ0MTGnf",
          "checksum": "1ef938e9715d80408ebe00e559e4cb61"
        },
        {
          "type": "icon",
          "assetId": "KlZQiGxQTluF",
          "checksum": "4f61d06d0cedc48f1690b68eaf9e61c5"
        },
        {
          "type": "icon",
          "assetId": "59m3anp9jGDs",
          "checksum": "cdf35f0e1a2b67321ea334dfe7a10250"
        },
        {
          "type": "icon",
          "assetId": "yud1FH0Ox1FR",
          "checksum": "e90c407ec8f1b73818127b718aaec390"
        },
        {
          "type": "icon",
          "assetId": "wV32h4GpW1qw",
          "checksum": "03451f8743ed0eceea3fb9142a593af8"
        },
        {
          "type": "icon",
          "assetId": "VvHpOw2n2MiA",
          "checksum": "8853ae710eb7ee8ea4bf3930749a299f"
        },
        {
          "type": "icon",
          "assetId": "NZhLWjRU3DN2",
          "checksum": "a50eb294bc06db3894e22bafd750b06c"
        },
        {
          "type": "icon",
          "assetId": "PEpkd9PswE7k",
          "checksum": "67e58655fc27078836d96e390c29bb0d"
        },
        {
          "type": "icon",
          "assetId": "CAcfAl_W7CL5",
          "checksum": "d309e3d4a5446e66b23efe998fdc9bdb"
        },
        {
          "type": "icon",
          "assetId": "E-c3RGwvaig6",
          "checksum": "1ad479982617ee38a1ec63bc59b84759"
        },
        {
          "type": "icon",
          "assetId": "ZcpjJL-rRIkk",
          "checksum": "9d59f5a67df5b1b7355d00cd098eaaac"
        },
        {
          "type": "icon",
          "assetId": "FeEx4DkPe8hp",
          "checksum": "db17f48f2a7e8f8b2d6e41ddd7364cd8"
        },
        {
          "type": "icon",
          "assetId": "vCpr2sLhwGJi",
          "checksum": "8150677f75b220fbdf78d74844d181aa"
        },
        {
          "type": "icon",
          "assetId": "bLcbhEnKY1XN",
          "checksum": "fa936aabeeb7ebc1d7deedb1734e527c"
        },
        {
          "type": "icon",
          "assetId": "_nES3m4j5H0g",
          "checksum": "7e543e83bc4424dad232fbe419c5e563"
        },
        {
          "type": "icon",
          "assetId": "9cl-NgfR2fAr",
          "checksum": "6b92d225d10ac79700847b031150d3ab"
        },
        {
          "type": "icon",
          "assetId": "yIYn4o5HgDaM",
          "checksum": "8782d5e831a9857556d5aeecc9085dc3"
        },
        {
          "type": "icon",
          "assetId": "unf2e-lexzfx",
          "checksum": "8b4f655338dffe359a5a1dd9b773d851"
        },
        {
          "type": "icon",
          "assetId": "LqBLaSJNIw1R",
          "checksum": "7a575bfad8e4af35632e701c864fb13a"
        },
        {
          "type": "icon",
          "assetId": "ZcuvSYn7hPwX",
          "checksum": "17c6ad07061ce1da5a522e1cd516eefd"
        },
        {
          "type": "icon",
          "assetId": "GhtgoozaYTSb",
          "checksum": "85a6e86cc5b2b02dcb3a42a1872109a4"
        },
        {
          "type": "icon",
          "assetId": "qK09a5jkZTuj",
          "checksum": "1afb0a5b60324154209c080d23ffee27"
        },
        {
          "type": "icon",
          "assetId": "jLPpM-B7M1lJ",
          "checksum": "c9f5498090e2c5fe95ca791de565de67"
        },
        {
          "type": "icon",
          "assetId": "1yz4nrcZZVJQ",
          "checksum": "e9a7db40d784d1abc28c2df15139614d"
        },
        {
          "type": "icon",
          "assetId": "YAEd8oE8Xk0Q",
          "checksum": "e8d401b51ff664459093aaf58709bfa6"
        },
        {
          "type": "icon",
          "assetId": "QT5tozis-7ZJ",
          "checksum": "b3a7a1876f859ee46483114be50a6d93"
        },
        {
          "type": "icon",
          "assetId": "4u827eTIHJiM",
          "checksum": "4387eecd21d86d6a3982a77926a7a5ae"
        },
        {
          "type": "icon",
          "assetId": "MRdlkEBhDPlJ",
          "checksum": "6297dcb6c54f4a354945f4519ecd7dc0"
        },
        {
          "type": "icon",
          "assetId": "69zPnb8kkdBe",
          "checksum": "d6dbda62ca31afca39cdf071c184bb30"
        },
        {
          "type": "icon",
          "assetId": "CXP7GcEs2WIt",
          "checksum": "8f477c5b2a444b22b423bd4b2769fff4"
        },
        {
          "type": "icon",
          "assetId": "_YvBX6QjT3en",
          "checksum": "caebe68bb71db63fca8098eeeb5e377c"
        },
        {
          "type": "icon",
          "assetId": "qQ7NvuNc52xX",
          "checksum": "8c19703ca9d189fd3ecbd928982f2c9b"
        },
        {
          "type": "icon",
          "assetId": "noS7WwFUEgg-",
          "checksum": "4683cf27f5058898fb94c7fb629f26b5"
        },
        {
          "type": "icon",
          "assetId": "je95h6YoQ2jE",
          "checksum": "bb57df1b86b03d6d4e415d4d22136c72"
        },
        {
          "type": "icon",
          "assetId": "ImRzoqJkNumw",
          "checksum": "d9657e2b00a2f7242462fe1c081e6c60"
        },
        {
          "type": "icon",
          "assetId": "20TZRi7Go_b5",
          "checksum": "0c491144c26ca2a41aceb9dd3d3c307e"
        },
        {
          "type": "icon",
          "assetId": "22Wovx3Cyb_t",
          "checksum": "6a16c19f182d1e73a778f15ad15a5390"
        },
        {
          "type": "icon",
          "assetId": "J5lvhXcueeto",
          "checksum": "8504109a736871afae841cdb2557f4e8"
        },
        {
          "type": "icon",
          "assetId": "xPEF8FYe4Flo",
          "checksum": "bf2c3b3d62add181fdb87f8fd7c65707"
        },
        {
          "type": "icon",
          "assetId": "6mBt3D9w7c35",
          "checksum": "421f9668f8d152002367998dcfe1d779"
        },
        {
          "type": "icon",
          "assetId": "KdsPLv8Jc_Gc",
          "checksum": "87ed8c6c3ab6a5015a7ef2254b14c7e8"
        },
        {
          "type": "icon",
          "assetId": "nDTSrVR20Z0F",
          "checksum": "656eda9660a010ea6807a059305bba9d"
        },
        {
          "type": "icon",
          "assetId": "RuEL3BXfKja4",
          "checksum": "a3d6f241f6cdd12b29a88d69852ed396"
        },
        {
          "type": "icon",
          "assetId": "UZfkN-2mqbQ1",
          "checksum": "827df17ea784d695466a49918e2ab1d2"
        },
        {
          "type": "icon",
          "assetId": "0VHaM6HaOJQH",
          "checksum": "343ab0a55a4fef5c2f54ecdc5928ed10"
        },
        {
          "type": "image",
          "assetId": "UQCKP0TlD6KQ",
          "checksum": "f4d79c39ec60226053c3b1a43a3d852e"
        },
        {
          "type": "image",
          "assetId": "Lm31rtt1SaW7",
          "checksum": "7ac58993628487227d1f9f84f0d62866"
        },
        {
          "type": "image",
          "assetId": "rVIrcvgrdNFy",
          "checksum": "4b6c9c66c5c8a38703d17099dce5376f"
        },
        {
          "type": "image",
          "assetId": "CoNviB-PQlPG",
          "checksum": "060c1636cb573c26c3278d63958be6da"
        },
        {
          "type": "image",
          "assetId": "EiAD6WbEoBr4",
          "checksum": "c23b568c0656027f3bef5eecc15b8ec0"
        },
        {
          "type": "image",
          "assetId": "0ox6twNnWwHv",
          "checksum": "74cb37bb5c0a1298c6e8b478bba66477"
        },
        {
          "type": "image",
          "assetId": "jRKZmv5LgFVD",
          "checksum": "d3e6c513cd8ca7b8f73144e745f91ab0"
        },
        {
          "type": "image",
          "assetId": "AiU9QH3vr5_i",
          "checksum": "421afb9856fb99048b86e71dc0dffe85"
        },
        {
          "type": "image",
          "assetId": "IqBWs1oE1Jv5",
          "checksum": "2077eea216b4575bbc98226439ec00af"
        },
        {
          "type": "image",
          "assetId": "qIsxiL9Ab6zc",
          "checksum": "e49b3b9e500307be1765db2973e79d37"
        },
        {
          "type": "image",
          "assetId": "hzB05PBU4S3w",
          "checksum": "04ec9b3aa2806e1bbdb5e2c7545f5c86"
        },
        {
          "type": "image",
          "assetId": "AXJLEPNQymK9",
          "checksum": "0a44ab6c754aac5085e5bdc48f95577b"
        },
        {
          "type": "image",
          "assetId": "ra7U3-Ke0Vqq",
          "checksum": "8cd0b1a163565d87df2710d25e8dc9b4"
        },
        {
          "type": "image",
          "assetId": "0GdY2vOqis4i",
          "checksum": "b58ab36856ad27c9d2da8818f6e9a575"
        },
        {
          "type": "image",
          "assetId": "in__JvvuqHGd",
          "checksum": "84e5f82f646d9ade4709ab1c6ab813fb"
        },
        {
          "type": "image",
          "assetId": "8M1hndipG_nH",
          "checksum": "3b1eeea594ca50b71ec383e654913cf0"
        },
        {
          "type": "image",
          "assetId": "U513EInf3Wuo",
          "checksum": "712e3504d6f9c0c08ea804b8e1f963b3"
        },
        {
          "type": "image",
          "assetId": "tanXzLCasy9i",
          "checksum": "47daa1212997f5b4836d797c768ca5e3"
        },
        {
          "type": "image",
          "assetId": "UPUGJsLNqvB8",
          "checksum": "03e7677c72d45dca795a5daa8325dba2"
        },
        {
          "type": "image",
          "assetId": "6chDb2kDyTq-",
          "checksum": "3363425727d6b7c53d8da8fd58a872b6"
        },
        {
          "type": "image",
          "assetId": "WKYmP8QXjean",
          "checksum": "c2a848decb3b87c0cba0fe379c661194"
        },
        {
          "type": "image",
          "assetId": "xNLBHb0_PPDB",
          "checksum": "7e28ac3ea00db8943371ebf363d14070"
        },
        {
          "type": "image",
          "assetId": "qae1qxJ9v6f6",
          "checksum": "fd842fa07d5e7af54d7cf75b25f32e00"
        },
        {
          "type": "image",
          "assetId": "EV9Al-TucVwt",
          "checksum": "b7f16796e36998a6e504f5885675f431"
        },
        {
          "type": "image",
          "assetId": "Df28IEz6McPI",
          "checksum": "206cb9799917bd118ece0fe5b3acdf52"
        },
        {
          "type": "image",
          "assetId": "S-zEJty4bxyt",
          "checksum": "a17f6af849200930b39debf6a12f7048"
        },
        {
          "type": "image",
          "assetId": "8dsxqi-ugwgM",
          "checksum": "4c18f68e197490dbca898c53a0f95429"
        },
        {
          "type": "image",
          "assetId": "cLa7p3FVfFPD",
          "checksum": "54c98f1210ff680b90c2679119a120d8"
        },
        {
          "type": "image",
          "assetId": "-i4CJAPV8m07",
          "checksum": "fc5c109e39cac20a009af74a96455e24"
        },
        {
          "type": "image",
          "assetId": "bmaSgHFbT-qT",
          "checksum": "b625b11f699bd1039ea2cbbf3441e11e"
        },
        {
          "type": "image",
          "assetId": "MjJALsDQy0pX",
          "checksum": "7c298cea078ffbb717028560b021d525"
        },
        {
          "type": "image",
          "assetId": "waMRmIIqmlW0",
          "checksum": "f5a7dc62e5fcff3106579e71440dbe0e"
        }
      ],
      "codegenVersion": "0.0.1"
    }
  ],
  "cliVersion": "0.1.334"
}
